{
  "name": "activeql-admin-ui",
  "version": "0.0.1",
  "lockfileVersion": 1,
  "requires": true,
  "dependencies": {
    "json-to-graphql-query": {
      "version": "2.0.0",
      "resolved": "https://registry.npmjs.org/json-to-graphql-query/-/json-to-graphql-query-2.0.0.tgz",
      "integrity": "sha512-+oFKHOVymP+jDETuLCl+ich+F7b8ym0vdczmOs8aJbtRd61+YGugVrtrI4xh5zfY1ZAVFG+zTAAsfDS1t5+17g=="
    }
  }
}
